
Microsoft Visual Studio Solution File, Format Version 12.00
# Visual Studio Version 17
VisualStudioVersion = 17.0.31903.59
MinimumVisualStudioVersion = 10.0.40219.1
Project("{9A19103F-16F7-4668-BE54-9A1E7A4F7556}") = "MyProject", "MyProject\MyProject.csproj", "{63E1F5F2-836A-4E6D-B278-DCE90777F3E8}"
EndProject
Project("{9A19103F-16F7-4668-BE54-9A1E7A4F7556}") = "MyProject.ContentModels", "MyProject.ContentModels\MyProject.ContentModels.csproj", "{B4B9E323-BAC7-475A-BD9F-127B4ADDF1A9}"
EndProject
Global
	GlobalSection(SolutionConfigurationPlatforms) = preSolution
		Debug|Any CPU = Debug|Any CPU
		Release|Any CPU = Release|Any CPU
	EndGlobalSection
	GlobalSection(ProjectConfigurationPlatforms) = postSolution
		{63E1F5F2-836A-4E6D-B278-DCE90777F3E8}.Debug|Any CPU.ActiveCfg = Debug|Any CPU
		{63E1F5F2-836A-4E6D-B278-DCE90777F3E8}.Debug|Any CPU.Build.0 = Debug|Any CPU
		{63E1F5F2-836A-4E6D-B278-DCE90777F3E8}.Release|Any CPU.ActiveCfg = Release|Any CPU
		{63E1F5F2-836A-4E6D-B278-DCE90777F3E8}.Release|Any CPU.Build.0 = Release|Any CPU
		{B4B9E323-BAC7-475A-BD9F-127B4ADDF1A9}.Debug|Any CPU.ActiveCfg = Debug|Any CPU
		{B4B9E323-BAC7-475A-BD9F-127B4ADDF1A9}.Debug|Any CPU.Build.0 = Debug|Any CPU
		{B4B9E323-BAC7-475A-BD9F-127B4ADDF1A9}.Release|Any CPU.ActiveCfg = Release|Any CPU
		{B4B9E323-BAC7-475A-BD9F-127B4ADDF1A9}.Release|Any CPU.Build.0 = Release|Any CPU
	EndGlobalSection
	GlobalSection(SolutionProperties) = preSolution
		HideSolutionNode = FALSE
	EndGlobalSection
	GlobalSection(ExtensibilityGlobals) = postSolution
		SolutionGuid = {FE724FD5-2E71-49C6-8808-381C08535B65}
	EndGlobalSection
EndGlobal
